
Microsoft Visual Studio Solution File, Format Version 12.00
# Visual Studio Version 16
VisualStudioVersion = 16.0.31605.320
MinimumVisualStudioVersion = 10.0.40219.1
Project("{FAE04EC0-301F-11D3-BF4B-00C04F79EFBC}") = "LA1200_Hintermann", "LA1200_Hintermann.csproj", "{B721238B-44BC-4370-9B73-9803BBDF1EA0}"
EndProject
Global
	GlobalSection(SolutionConfigurationPlatforms) = preSolution
		Debug|Any CPU = Debug|Any CPU
		Release|Any CPU = Release|Any CPU
	EndGlobalSection
	GlobalSection(ProjectConfigurationPlatforms) = postSolution
		{B721238B-44BC-4370-9B73-9803BBDF1EA0}.Debug|Any CPU.ActiveCfg = Debug|Any CPU
		{B721238B-44BC-4370-9B73-9803BBDF1EA0}.Debug|Any CPU.Build.0 = Debug|Any CPU
		{B721238B-44BC-4370-9B73-9803BBDF1EA0}.Release|Any CPU.ActiveCfg = Release|Any CPU
		{B721238B-44BC-4370-9B73-9803BBDF1EA0}.Release|Any CPU.Build.0 = Release|Any CPU
	EndGlobalSection
	GlobalSection(SolutionProperties) = preSolution
		HideSolutionNode = FALSE
	EndGlobalSection
	GlobalSection(ExtensibilityGlobals) = postSolution
		SolutionGuid = {A4E6F108-2EC0-40FA-ACF8-320B6973DC83}
	EndGlobalSection
EndGlobal
